<?xml version="1.0" encoding="utf-8"?>
<Project ToolsVersion="4.0" xmlns="http://schemas.microsoft.com/developer/msbuild/2003">
  <ItemGroup>
    <Filter Include="Bulb">
      <UniqueIdentifier>{8A40837C-7677-840D-1F64-6A100B7A000F}</UniqueIdentifier>
    </Filter>
    <Filter Include="Bulb\Events">
      <UniqueIdentifier>{2EAD4D87-9A62-C67C-2357-C0538F0BBD80}</UniqueIdentifier>
    </Filter>
  </ItemGroup>
  <ItemGroup>
    <ClInclude Include="src\Bulb.h" />
    <ClInclude Include="src\Bulb\Application.h">
      <Filter>Bulb</Filter>
    </ClInclude>
    <ClInclude Include="src\Bulb\Core.h">
      <Filter>Bulb</Filter>
    </ClInclude>
    <ClInclude Include="src\Bulb\EntryPoint.h">
      <Filter>Bulb</Filter>
    </ClInclude>
    <ClInclude Include="src\Bulb\Events\ApplicationEvent.h">
      <Filter>Bulb\Events</Filter>
    </ClInclude>
    <ClInclude Include="src\Bulb\Events\Event.h">
      <Filter>Bulb\Events</Filter>
    </ClInclude>
    <ClInclude Include="src\Bulb\Events\KeyEvent.h">
      <Filter>Bulb\Events</Filter>
    </ClInclude>
    <ClInclude Include="src\Bulb\Events\MouseEvent.h">
      <Filter>Bulb\Events</Filter>
    </ClInclude>
    <ClInclude Include="src\Bulb\Log.h">
      <Filter>Bulb</Filter>
    </ClInclude>
  </ItemGroup>
  <ItemGroup>
    <ClCompile Include="src\Bulb\Application.cpp">
      <Filter>Bulb</Filter>
    </ClCompile>
    <ClCompile Include="src\Bulb\Log.cpp">
      <Filter>Bulb</Filter>
    </ClCompile>
  </ItemGroup>
</Project>